
Microsoft Visual Studio Solution File, Format Version 12.00
# Visual Studio Version 17
VisualStudioVersion = 17.4.33110.190
MinimumVisualStudioVersion = 10.0.40219.1
Project("{FAE04EC0-301F-11D3-BF4B-00C04F79EFBC}") = "AxPOSWebReport", "AxPOSWebReport\AxPOSWebReport.csproj", "{DD4A690E-8E90-4C2A-A061-B9881A520EE4}"
EndProject
Project("{9A19103F-16F7-4668-BE54-9A1E7A4F7556}") = "AzureBlobStorageUpload", "AzureBlobStorageUpload\AzureBlobStorageUpload.csproj", "{BE740C8A-DE90-484D-872B-4D6518AE4064}"
EndProject
Project("{FAE04EC0-301F-11D3-BF4B-00C04F79EFBC}") = "FunctionAzure", "FunctionAzure\FunctionAzure.csproj", "{67931636-2B09-4E59-818C-939EC1EFFFED}"
EndProject
Global
	GlobalSection(SolutionConfigurationPlatforms) = preSolution
		Debug|Any CPU = Debug|Any CPU
		Release|Any CPU = Release|Any CPU
	EndGlobalSection
	GlobalSection(ProjectConfigurationPlatforms) = postSolution
		{DD4A690E-8E90-4C2A-A061-B9881A520EE4}.Debug|Any CPU.ActiveCfg = Debug|Any CPU
		{DD4A690E-8E90-4C2A-A061-B9881A520EE4}.Debug|Any CPU.Build.0 = Debug|Any CPU
		{DD4A690E-8E90-4C2A-A061-B9881A520EE4}.Release|Any CPU.ActiveCfg = Release|Any CPU
		{DD4A690E-8E90-4C2A-A061-B9881A520EE4}.Release|Any CPU.Build.0 = Release|Any CPU
		{BE740C8A-DE90-484D-872B-4D6518AE4064}.Debug|Any CPU.ActiveCfg = Debug|Any CPU
		{BE740C8A-DE90-484D-872B-4D6518AE4064}.Debug|Any CPU.Build.0 = Debug|Any CPU
		{BE740C8A-DE90-484D-872B-4D6518AE4064}.Release|Any CPU.ActiveCfg = Release|Any CPU
		{BE740C8A-DE90-484D-872B-4D6518AE4064}.Release|Any CPU.Build.0 = Release|Any CPU
		{67931636-2B09-4E59-818C-939EC1EFFFED}.Debug|Any CPU.ActiveCfg = Debug|Any CPU
		{67931636-2B09-4E59-818C-939EC1EFFFED}.Debug|Any CPU.Build.0 = Debug|Any CPU
		{67931636-2B09-4E59-818C-939EC1EFFFED}.Release|Any CPU.ActiveCfg = Release|Any CPU
		{67931636-2B09-4E59-818C-939EC1EFFFED}.Release|Any CPU.Build.0 = Release|Any CPU
	EndGlobalSection
	GlobalSection(SolutionProperties) = preSolution
		HideSolutionNode = FALSE
	EndGlobalSection
	GlobalSection(ExtensibilityGlobals) = postSolution
		SolutionGuid = {E050047F-6B9B-45BA-A112-177F1EA49561}
	EndGlobalSection
EndGlobal
